
Microsoft Visual Studio Solution File, Format Version 12.00
# Visual Studio 15
VisualStudioVersion = 15.0.28010.2046
MinimumVisualStudioVersion = 10.0.40219.1
Project("{9A19103F-16F7-4668-BE54-9A1E7A4F7556}") = "Goods", "Goods\Goods.csproj", "{FD84163E-314E-4F67-B5AC-A809B3EAED74}"
EndProject
Project("{9A19103F-16F7-4668-BE54-9A1E7A4F7556}") = "IGoods", "..\OrleansSupport\IGoods\IGoods.csproj", "{C4FD70C9-9E36-4B78-A8E1-B88206D96960}"
EndProject
Project("{9A19103F-16F7-4668-BE54-9A1E7A4F7556}") = "IShoppingRecord", "..\OrleansSupport\ShoppingRecord\IShoppingRecord.csproj", "{A68A5E0E-481C-44CD-BEBB-4A48269F37FB}"
EndProject
Project("{9A19103F-16F7-4668-BE54-9A1E7A4F7556}") = "GoodsServer", "GoodsServer\GoodsServer.csproj", "{922BF1DD-7DD7-45BF-953C-3EBEDE18C91A}"
EndProject
Project("{9A19103F-16F7-4668-BE54-9A1E7A4F7556}") = "Entity", "..\OrleansSupport\Entity\Entity.csproj", "{440542E4-54FA-412F-B384-B939C90439FA}"
EndProject
Project("{9A19103F-16F7-4668-BE54-9A1E7A4F7556}") = "ShoppingRecordServer", "..\ShoppingRecord\ShoppingRecordServer\ShoppingRecordServer.csproj", "{302FDC62-294A-4DE6-A9A6-BBDE1140A014}"
EndProject
Global
	GlobalSection(SolutionConfigurationPlatforms) = preSolution
		Debug|Any CPU = Debug|Any CPU
		Release|Any CPU = Release|Any CPU
	EndGlobalSection
	GlobalSection(ProjectConfigurationPlatforms) = postSolution
		{FD84163E-314E-4F67-B5AC-A809B3EAED74}.Debug|Any CPU.ActiveCfg = Debug|Any CPU
		{FD84163E-314E-4F67-B5AC-A809B3EAED74}.Debug|Any CPU.Build.0 = Debug|Any CPU
		{FD84163E-314E-4F67-B5AC-A809B3EAED74}.Release|Any CPU.ActiveCfg = Release|Any CPU
		{FD84163E-314E-4F67-B5AC-A809B3EAED74}.Release|Any CPU.Build.0 = Release|Any CPU
		{C4FD70C9-9E36-4B78-A8E1-B88206D96960}.Debug|Any CPU.ActiveCfg = Debug|Any CPU
		{C4FD70C9-9E36-4B78-A8E1-B88206D96960}.Debug|Any CPU.Build.0 = Debug|Any CPU
		{C4FD70C9-9E36-4B78-A8E1-B88206D96960}.Release|Any CPU.ActiveCfg = Release|Any CPU
		{C4FD70C9-9E36-4B78-A8E1-B88206D96960}.Release|Any CPU.Build.0 = Release|Any CPU
		{A68A5E0E-481C-44CD-BEBB-4A48269F37FB}.Debug|Any CPU.ActiveCfg = Debug|Any CPU
		{A68A5E0E-481C-44CD-BEBB-4A48269F37FB}.Debug|Any CPU.Build.0 = Debug|Any CPU
		{A68A5E0E-481C-44CD-BEBB-4A48269F37FB}.Release|Any CPU.ActiveCfg = Release|Any CPU
		{A68A5E0E-481C-44CD-BEBB-4A48269F37FB}.Release|Any CPU.Build.0 = Release|Any CPU
		{922BF1DD-7DD7-45BF-953C-3EBEDE18C91A}.Debug|Any CPU.ActiveCfg = Debug|Any CPU
		{922BF1DD-7DD7-45BF-953C-3EBEDE18C91A}.Debug|Any CPU.Build.0 = Debug|Any CPU
		{922BF1DD-7DD7-45BF-953C-3EBEDE18C91A}.Release|Any CPU.ActiveCfg = Release|Any CPU
		{922BF1DD-7DD7-45BF-953C-3EBEDE18C91A}.Release|Any CPU.Build.0 = Release|Any CPU
		{440542E4-54FA-412F-B384-B939C90439FA}.Debug|Any CPU.ActiveCfg = Debug|Any CPU
		{440542E4-54FA-412F-B384-B939C90439FA}.Debug|Any CPU.Build.0 = Debug|Any CPU
		{440542E4-54FA-412F-B384-B939C90439FA}.Release|Any CPU.ActiveCfg = Release|Any CPU
		{440542E4-54FA-412F-B384-B939C90439FA}.Release|Any CPU.Build.0 = Release|Any CPU
		{302FDC62-294A-4DE6-A9A6-BBDE1140A014}.Debug|Any CPU.ActiveCfg = Debug|Any CPU
		{302FDC62-294A-4DE6-A9A6-BBDE1140A014}.Debug|Any CPU.Build.0 = Debug|Any CPU
		{302FDC62-294A-4DE6-A9A6-BBDE1140A014}.Release|Any CPU.ActiveCfg = Release|Any CPU
		{302FDC62-294A-4DE6-A9A6-BBDE1140A014}.Release|Any CPU.Build.0 = Release|Any CPU
	EndGlobalSection
	GlobalSection(SolutionProperties) = preSolution
		HideSolutionNode = FALSE
	EndGlobalSection
	GlobalSection(ExtensibilityGlobals) = postSolution
		SolutionGuid = {91B6983D-22C7-4F20-821A-D2EAAFA10207}
	EndGlobalSection
EndGlobal
