
Microsoft Visual Studio Solution File, Format Version 12.00
# Visual Studio 15
VisualStudioVersion = 15.0.28010.2046
MinimumVisualStudioVersion = 10.0.40219.1
Project("{FAE04EC0-301F-11D3-BF4B-00C04F79EFBC}") = "Order", "Order\Order.csproj", "{FCA571D0-BA2C-4BCA-9C77-37E5848F033F}"
EndProject
Project("{9A19103F-16F7-4668-BE54-9A1E7A4F7556}") = "Entity", "..\OrleansSupport\Entity\Entity.csproj", "{C934591B-6953-4297-A5FA-E3674F309480}"
EndProject
Project("{9A19103F-16F7-4668-BE54-9A1E7A4F7556}") = "IGoods", "..\OrleansSupport\IGoods\IGoods.csproj", "{16C1F3ED-B497-4EB6-8DEB-259ABB7D7432}"
EndProject
Project("{9A19103F-16F7-4668-BE54-9A1E7A4F7556}") = "IShoppingRecord", "..\OrleansSupport\ShoppingRecord\IShoppingRecord.csproj", "{6C539372-12BA-44E1-8E9F-2AAE440F97D5}"
EndProject
Project("{FAE04EC0-301F-11D3-BF4B-00C04F79EFBC}") = "OrderServer", "OrderServer\OrderServer.csproj", "{EDC74F0E-0F7D-4816-99FE-7267285D02F1}"
EndProject
Global
	GlobalSection(SolutionConfigurationPlatforms) = preSolution
		Debug|Any CPU = Debug|Any CPU
		Release|Any CPU = Release|Any CPU
	EndGlobalSection
	GlobalSection(ProjectConfigurationPlatforms) = postSolution
		{FCA571D0-BA2C-4BCA-9C77-37E5848F033F}.Debug|Any CPU.ActiveCfg = Debug|Any CPU
		{FCA571D0-BA2C-4BCA-9C77-37E5848F033F}.Debug|Any CPU.Build.0 = Debug|Any CPU
		{FCA571D0-BA2C-4BCA-9C77-37E5848F033F}.Release|Any CPU.ActiveCfg = Release|Any CPU
		{FCA571D0-BA2C-4BCA-9C77-37E5848F033F}.Release|Any CPU.Build.0 = Release|Any CPU
		{C934591B-6953-4297-A5FA-E3674F309480}.Debug|Any CPU.ActiveCfg = Debug|Any CPU
		{C934591B-6953-4297-A5FA-E3674F309480}.Debug|Any CPU.Build.0 = Debug|Any CPU
		{C934591B-6953-4297-A5FA-E3674F309480}.Release|Any CPU.ActiveCfg = Release|Any CPU
		{C934591B-6953-4297-A5FA-E3674F309480}.Release|Any CPU.Build.0 = Release|Any CPU
		{16C1F3ED-B497-4EB6-8DEB-259ABB7D7432}.Debug|Any CPU.ActiveCfg = Debug|Any CPU
		{16C1F3ED-B497-4EB6-8DEB-259ABB7D7432}.Debug|Any CPU.Build.0 = Debug|Any CPU
		{16C1F3ED-B497-4EB6-8DEB-259ABB7D7432}.Release|Any CPU.ActiveCfg = Release|Any CPU
		{16C1F3ED-B497-4EB6-8DEB-259ABB7D7432}.Release|Any CPU.Build.0 = Release|Any CPU
		{6C539372-12BA-44E1-8E9F-2AAE440F97D5}.Debug|Any CPU.ActiveCfg = Debug|Any CPU
		{6C539372-12BA-44E1-8E9F-2AAE440F97D5}.Debug|Any CPU.Build.0 = Debug|Any CPU
		{6C539372-12BA-44E1-8E9F-2AAE440F97D5}.Release|Any CPU.ActiveCfg = Release|Any CPU
		{6C539372-12BA-44E1-8E9F-2AAE440F97D5}.Release|Any CPU.Build.0 = Release|Any CPU
		{EDC74F0E-0F7D-4816-99FE-7267285D02F1}.Debug|Any CPU.ActiveCfg = Debug|Any CPU
		{EDC74F0E-0F7D-4816-99FE-7267285D02F1}.Debug|Any CPU.Build.0 = Debug|Any CPU
		{EDC74F0E-0F7D-4816-99FE-7267285D02F1}.Release|Any CPU.ActiveCfg = Release|Any CPU
		{EDC74F0E-0F7D-4816-99FE-7267285D02F1}.Release|Any CPU.Build.0 = Release|Any CPU
	EndGlobalSection
	GlobalSection(SolutionProperties) = preSolution
		HideSolutionNode = FALSE
	EndGlobalSection
	GlobalSection(ExtensibilityGlobals) = postSolution
		SolutionGuid = {35EB2CDE-85CE-4EB9-83C9-152240052C11}
	EndGlobalSection
EndGlobal
