
Microsoft Visual Studio Solution File, Format Version 12.00
# Visual Studio 15
VisualStudioVersion = 15.0.28010.2046
MinimumVisualStudioVersion = 10.0.40219.1
Project("{9A19103F-16F7-4668-BE54-9A1E7A4F7556}") = "Gateway", "Gateway\Gateway.csproj", "{809BAD2E-0CF5-4A47-A304-AC215FF41B25}"
EndProject
Project("{9A19103F-16F7-4668-BE54-9A1E7A4F7556}") = "Entity", "..\OrleansSupport\Entity\Entity.csproj", "{35494975-7F64-47EC-B933-EC2839628BD3}"
EndProject
Global
	GlobalSection(SolutionConfigurationPlatforms) = preSolution
		Debug|Any CPU = Debug|Any CPU
		Release|Any CPU = Release|Any CPU
	EndGlobalSection
	GlobalSection(ProjectConfigurationPlatforms) = postSolution
		{809BAD2E-0CF5-4A47-A304-AC215FF41B25}.Debug|Any CPU.ActiveCfg = Debug|Any CPU
		{809BAD2E-0CF5-4A47-A304-AC215FF41B25}.Debug|Any CPU.Build.0 = Debug|Any CPU
		{809BAD2E-0CF5-4A47-A304-AC215FF41B25}.Release|Any CPU.ActiveCfg = Release|Any CPU
		{809BAD2E-0CF5-4A47-A304-AC215FF41B25}.Release|Any CPU.Build.0 = Release|Any CPU
		{35494975-7F64-47EC-B933-EC2839628BD3}.Debug|Any CPU.ActiveCfg = Debug|Any CPU
		{35494975-7F64-47EC-B933-EC2839628BD3}.Debug|Any CPU.Build.0 = Debug|Any CPU
		{35494975-7F64-47EC-B933-EC2839628BD3}.Release|Any CPU.ActiveCfg = Release|Any CPU
		{35494975-7F64-47EC-B933-EC2839628BD3}.Release|Any CPU.Build.0 = Release|Any CPU
	EndGlobalSection
	GlobalSection(SolutionProperties) = preSolution
		HideSolutionNode = FALSE
	EndGlobalSection
	GlobalSection(ExtensibilityGlobals) = postSolution
		SolutionGuid = {C571F5A1-B3F1-458C-A9B8-A90AD0C91306}
	EndGlobalSection
EndGlobal
